
Microsoft Visual Studio Solution File, Format Version 12.00
# Visual Studio Version 17
VisualStudioVersion = 17.4.33103.184
MinimumVisualStudioVersion = 10.0.40219.1
Project("{FAE04EC0-301F-11D3-BF4B-00C04F79EFBC}") = "Monke-SkateBoard", "Monke-SkateBoard\Monke-SkateBoard.csproj", "{071DDC81-D12B-4030-B51D-6DA31BC647F2}"
EndProject
Global
	GlobalSection(SolutionConfigurationPlatforms) = preSolution
		Debug|Any CPU = Debug|Any CPU
		Release|Any CPU = Release|Any CPU
	EndGlobalSection
	GlobalSection(ProjectConfigurationPlatforms) = postSolution
		{071DDC81-D12B-4030-B51D-6DA31BC647F2}.Debug|Any CPU.ActiveCfg = Debug|Any CPU
		{071DDC81-D12B-4030-B51D-6DA31BC647F2}.Debug|Any CPU.Build.0 = Debug|Any CPU
		{071DDC81-D12B-4030-B51D-6DA31BC647F2}.Release|Any CPU.ActiveCfg = Release|Any CPU
		{071DDC81-D12B-4030-B51D-6DA31BC647F2}.Release|Any CPU.Build.0 = Release|Any CPU
	EndGlobalSection
	GlobalSection(SolutionProperties) = preSolution
		HideSolutionNode = FALSE
	EndGlobalSection
	GlobalSection(ExtensibilityGlobals) = postSolution
		SolutionGuid = {E495446C-AE74-4CC2-AB3C-DD839AD6080C}
	EndGlobalSection
EndGlobal
